
Microsoft Visual Studio Solution File, Format Version 12.00
# Visual Studio Version 17
VisualStudioVersion = 17.3.32804.467
MinimumVisualStudioVersion = 10.0.40219.1
Project("{FAE04EC0-301F-11D3-BF4B-00C04F79EFBC}") = "scraper_API", "scraper_API\scraper_API.csproj", "{66604853-BE92-40A1-AEAC-E0C168DC20A2}"
EndProject
Global
	GlobalSection(SolutionConfigurationPlatforms) = preSolution
		Debug|Any CPU = Debug|Any CPU
		Release|Any CPU = Release|Any CPU
	EndGlobalSection
	GlobalSection(ProjectConfigurationPlatforms) = postSolution
		{66604853-BE92-40A1-AEAC-E0C168DC20A2}.Debug|Any CPU.ActiveCfg = Debug|Any CPU
		{66604853-BE92-40A1-AEAC-E0C168DC20A2}.Debug|Any CPU.Build.0 = Debug|Any CPU
		{66604853-BE92-40A1-AEAC-E0C168DC20A2}.Release|Any CPU.ActiveCfg = Release|Any CPU
		{66604853-BE92-40A1-AEAC-E0C168DC20A2}.Release|Any CPU.Build.0 = Release|Any CPU
	EndGlobalSection
	GlobalSection(SolutionProperties) = preSolution
		HideSolutionNode = FALSE
	EndGlobalSection
	GlobalSection(ExtensibilityGlobals) = postSolution
		SolutionGuid = {9582759F-7265-435B-8F5B-44C6C25C8A84}
	EndGlobalSection
EndGlobal
